
Microsoft Visual Studio Solution File, Format Version 12.00
# Visual Studio Version 16
VisualStudioVersion = 16.0.29306.81
MinimumVisualStudioVersion = 10.0.40219.1
Project("{8BC9CEB8-8B4A-11D0-8D11-00A0C91BC942}") = "Huysmans_Marnick_TheLegendOfZelda", "Huysmans_Marnick_TheLegendOfZelda\Huysmans_Marnick_TheLegendOfZelda.vcxproj", "{65B31023-4173-4453-8FEB-221D24A49390}"
EndProject
Global
	GlobalSection(SolutionConfigurationPlatforms) = preSolution
		Debug|x64 = Debug|x64
		Debug|x86 = Debug|x86
		Release|x64 = Release|x64
		Release|x86 = Release|x86
	EndGlobalSection
	GlobalSection(ProjectConfigurationPlatforms) = postSolution
		{65B31023-4173-4453-8FEB-221D24A49390}.Debug|x64.ActiveCfg = Debug|x64
		{65B31023-4173-4453-8FEB-221D24A49390}.Debug|x64.Build.0 = Debug|x64
		{65B31023-4173-4453-8FEB-221D24A49390}.Debug|x86.ActiveCfg = Debug|Win32
		{65B31023-4173-4453-8FEB-221D24A49390}.Debug|x86.Build.0 = Debug|Win32
		{65B31023-4173-4453-8FEB-221D24A49390}.Release|x64.ActiveCfg = Release|x64
		{65B31023-4173-4453-8FEB-221D24A49390}.Release|x64.Build.0 = Release|x64
		{65B31023-4173-4453-8FEB-221D24A49390}.Release|x86.ActiveCfg = Release|Win32
		{65B31023-4173-4453-8FEB-221D24A49390}.Release|x86.Build.0 = Release|Win32
	EndGlobalSection
	GlobalSection(SolutionProperties) = preSolution
		HideSolutionNode = FALSE
	EndGlobalSection
	GlobalSection(ExtensibilityGlobals) = postSolution
		SolutionGuid = {625A8997-3A30-4648-A0CE-422C95DA24CE}
	EndGlobalSection
EndGlobal
